// !$*UTF8*$!
{
	archiveVersion = 1;
	classes = {
	};
	objectVersion = 55;
	objects = {

/* Begin PBXBuildFile section */
		9C2227A2292BFB3200B7EABE /* EmployeeTableViewCell.swift in Sources */ = {isa = PBXBuildFile; fileRef = 9C2227A1292BFB3200B7EABE /* EmployeeTableViewCell.swift */; };
		9C2227A4292BFECB00B7EABE /* NotFoundSearchView.swift in Sources */ = {isa = PBXBuildFile; fileRef = 9C2227A3292BFECB00B7EABE /* NotFoundSearchView.swift */; };
		9C2227A6292C005600B7EABE /* LostConnectionView.swift in Sources */ = {isa = PBXBuildFile; fileRef = 9C2227A5292C005600B7EABE /* LostConnectionView.swift */; };
		9C2227A8292C028200B7EABE /* EmployeeListRootView.swift in Sources */ = {isa = PBXBuildFile; fileRef = 9C2227A7292C028200B7EABE /* EmployeeListRootView.swift */; };
		9C776ACE292CCFF700635095 /* PhoneView.swift in Sources */ = {isa = PBXBuildFile; fileRef = 9C776ACD292CCFF700635095 /* PhoneView.swift */; };
		9C776AD1292CD12100635095 /* BirthdayView.swift in Sources */ = {isa = PBXBuildFile; fileRef = 9C776AD0292CD12100635095 /* BirthdayView.swift */; };
		9CAE3DC7292BC41F00DEC457 /* AppDelegate.swift in Sources */ = {isa = PBXBuildFile; fileRef = 9CAE3DC6292BC41F00DEC457 /* AppDelegate.swift */; };
		9CAE3DC9292BC41F00DEC457 /* SceneDelegate.swift in Sources */ = {isa = PBXBuildFile; fileRef = 9CAE3DC8292BC41F00DEC457 /* SceneDelegate.swift */; };
		9CAE3DCB292BC41F00DEC457 /* EmployeesViewController.swift in Sources */ = {isa = PBXBuildFile; fileRef = 9CAE3DCA292BC41F00DEC457 /* EmployeesViewController.swift */; };
		9CAE3DD0292BC42000DEC457 /* Assets.xcassets in Resources */ = {isa = PBXBuildFile; fileRef = 9CAE3DCF292BC42000DEC457 /* Assets.xcassets */; };
		9CAE3DD3292BC42000DEC457 /* LaunchScreen.storyboard in Resources */ = {isa = PBXBuildFile; fileRef = 9CAE3DD1292BC42000DEC457 /* LaunchScreen.storyboard */; };
		9CAE3DDE292BCA0B00DEC457 /* EmployeeModel.swift in Sources */ = {isa = PBXBuildFile; fileRef = 9CAE3DDD292BCA0B00DEC457 /* EmployeeModel.swift */; };
		9CAE3DE0292BCADA00DEC457 /* DepartmentModel.swift in Sources */ = {isa = PBXBuildFile; fileRef = 9CAE3DDF292BCADA00DEC457 /* DepartmentModel.swift */; };
		9CAE3DE3292BCC1B00DEC457 /* APIProvider.swift in Sources */ = {isa = PBXBuildFile; fileRef = 9CAE3DE2292BCC1A00DEC457 /* APIProvider.swift */; };
		9CAE3DE5292BCD9900DEC457 /* NetworkMonitor.swift in Sources */ = {isa = PBXBuildFile; fileRef = 9CAE3DE4292BCD9900DEC457 /* NetworkMonitor.swift */; };
		9CAE3DEB292BD0AE00DEC457 /* BaseView.swift in Sources */ = {isa = PBXBuildFile; fileRef = 9CAE3DEA292BD0AE00DEC457 /* BaseView.swift */; };
		9CAE3DED292BD0EB00DEC457 /* BaseViewController.swift in Sources */ = {isa = PBXBuildFile; fileRef = 9CAE3DEC292BD0EB00DEC457 /* BaseViewController.swift */; };
		9CAE3DEF292BD14100DEC457 /* ImageResizer.swift in Sources */ = {isa = PBXBuildFile; fileRef = 9CAE3DEE292BD14100DEC457 /* ImageResizer.swift */; };
		9CAE3DF5292BD2EE00DEC457 /* SearchTextField.swift in Sources */ = {isa = PBXBuildFile; fileRef = 9CAE3DF4292BD2EE00DEC457 /* SearchTextField.swift */; };
		9CAE3DF8292BD3F200DEC457 /* TopTabsCollectionViewCell.swift in Sources */ = {isa = PBXBuildFile; fileRef = 9CAE3DF7292BD3F200DEC457 /* TopTabsCollectionViewCell.swift */; };
		9CAE3DFB292BD47900DEC457 /* SnapKit in Frameworks */ = {isa = PBXBuildFile; productRef = 9CAE3DFA292BD47900DEC457 /* SnapKit */; };
/* End PBXBuildFile section */

/* Begin PBXFileReference section */
		9C2227A1292BFB3200B7EABE /* EmployeeTableViewCell.swift */ = {isa = PBXFileReference; lastKnownFileType = sourcecode.swift; path = EmployeeTableViewCell.swift; sourceTree = "<group>"; };
		9C2227A3292BFECB00B7EABE /* NotFoundSearchView.swift */ = {isa = PBXFileReference; lastKnownFileType = sourcecode.swift; path = NotFoundSearchView.swift; sourceTree = "<group>"; };
		9C2227A5292C005600B7EABE /* LostConnectionView.swift */ = {isa = PBXFileReference; lastKnownFileType = sourcecode.swift; path = LostConnectionView.swift; sourceTree = "<group>"; };
		9C2227A7292C028200B7EABE /* EmployeeListRootView.swift */ = {isa = PBXFileReference; lastKnownFileType = sourcecode.swift; path = EmployeeListRootView.swift; sourceTree = "<group>"; };
		9C776ACD292CCFF700635095 /* PhoneView.swift */ = {isa = PBXFileReference; lastKnownFileType = sourcecode.swift; path = PhoneView.swift; sourceTree = "<group>"; };
		9C776AD0292CD12100635095 /* BirthdayView.swift */ = {isa = PBXFileReference; lastKnownFileType = sourcecode.swift; path = BirthdayView.swift; sourceTree = "<group>"; };
		9CAE3DC3292BC41F00DEC457 /* MyTeam.app */ = {isa = PBXFileReference; explicitFileType = wrapper.application; includeInIndex = 0; path = MyTeam.app; sourceTree = BUILT_PRODUCTS_DIR; };
		9CAE3DC6292BC41F00DEC457 /* AppDelegate.swift */ = {isa = PBXFileReference; lastKnownFileType = sourcecode.swift; path = AppDelegate.swift; sourceTree = "<group>"; };
		9CAE3DC8292BC41F00DEC457 /* SceneDelegate.swift */ = {isa = PBXFileReference; lastKnownFileType = sourcecode.swift; path = SceneDelegate.swift; sourceTree = "<group>"; };
		9CAE3DCA292BC41F00DEC457 /* EmployeesViewController.swift */ = {isa = PBXFileReference; lastKnownFileType = sourcecode.swift; path = EmployeesViewController.swift; sourceTree = "<group>"; };
		9CAE3DCF292BC42000DEC457 /* Assets.xcassets */ = {isa = PBXFileReference; lastKnownFileType = folder.assetcatalog; path = Assets.xcassets; sourceTree = "<group>"; };
		9CAE3DD2292BC42000DEC457 /* Base */ = {isa = PBXFileReference; lastKnownFileType = file.storyboard; name = Base; path = Base.lproj/LaunchScreen.storyboard; sourceTree = "<group>"; };
		9CAE3DD4292BC42000DEC457 /* Info.plist */ = {isa = PBXFileReference; lastKnownFileType = text.plist.xml; path = Info.plist; sourceTree = "<group>"; };
		9CAE3DDD292BCA0B00DEC457 /* EmployeeModel.swift */ = {isa = PBXFileReference; lastKnownFileType = sourcecode.swift; path = EmployeeModel.swift; sourceTree = "<group>"; };
		9CAE3DDF292BCADA00DEC457 /* DepartmentModel.swift */ = {isa = PBXFileReference; lastKnownFileType = sourcecode.swift; path = DepartmentModel.swift; sourceTree = "<group>"; };
		9CAE3DE2292BCC1A00DEC457 /* APIProvider.swift */ = {isa = PBXFileReference; lastKnownFileType = sourcecode.swift; path = APIProvider.swift; sourceTree = "<group>"; };
		9CAE3DE4292BCD9900DEC457 /* NetworkMonitor.swift */ = {isa = PBXFileReference; lastKnownFileType = sourcecode.swift; path = NetworkMonitor.swift; sourceTree = "<group>"; };
		9CAE3DEA292BD0AE00DEC457 /* BaseView.swift */ = {isa = PBXFileReference; lastKnownFileType = sourcecode.swift; path = BaseView.swift; sourceTree = "<group>"; };
		9CAE3DEC292BD0EB00DEC457 /* BaseViewController.swift */ = {isa = PBXFileReference; lastKnownFileType = sourcecode.swift; path = BaseViewController.swift; sourceTree = "<group>"; };
		9CAE3DEE292BD14100DEC457 /* ImageResizer.swift */ = {isa = PBXFileReference; lastKnownFileType = sourcecode.swift; path = ImageResizer.swift; sourceTree = "<group>"; };
		9CAE3DF4292BD2EE00DEC457 /* SearchTextField.swift */ = {isa = PBXFileReference; lastKnownFileType = sourcecode.swift; path = SearchTextField.swift; sourceTree = "<group>"; };
		9CAE3DF7292BD3F200DEC457 /* TopTabsCollectionViewCell.swift */ = {isa = PBXFileReference; lastKnownFileType = sourcecode.swift; path = TopTabsCollectionViewCell.swift; sourceTree = "<group>"; };
/* End PBXFileReference section */

/* Begin PBXFrameworksBuildPhase section */
		9CAE3DC0292BC41F00DEC457 /* Frameworks */ = {
			isa = PBXFrameworksBuildPhase;
			buildActionMask = 2147483647;
			files = (
				9CAE3DFB292BD47900DEC457 /* SnapKit in Frameworks */,
			);
			runOnlyForDeploymentPostprocessing = 0;
		};
/* End PBXFrameworksBuildPhase section */

/* Begin PBXGroup section */
		9C776ACC292CCFE700635095 /* ProfileScreen */ = {
			isa = PBXGroup;
			children = (
				9C776ACF292CD10300635095 /* Views */,
			);
			path = ProfileScreen;
			sourceTree = "<group>";
		};
		9C776ACF292CD10300635095 /* Views */ = {
			isa = PBXGroup;
			children = (
				9C776ACD292CCFF700635095 /* PhoneView.swift */,
				9C776AD0292CD12100635095 /* BirthdayView.swift */,
			);
			path = Views;
			sourceTree = "<group>";
		};
		9C776AD2292CD13000635095 /* App */ = {
			isa = PBXGroup;
			children = (
				9CAE3DC6292BC41F00DEC457 /* AppDelegate.swift */,
				9CAE3DC8292BC41F00DEC457 /* SceneDelegate.swift */,
			);
			path = App;
			sourceTree = "<group>";
		};
		9CAE3DBA292BC41F00DEC457 = {
			isa = PBXGroup;
			children = (
				9CAE3DC5292BC41F00DEC457 /* MyTeam */,
				9CAE3DC4292BC41F00DEC457 /* Products */,
			);
			sourceTree = "<group>";
		};
		9CAE3DC4292BC41F00DEC457 /* Products */ = {
			isa = PBXGroup;
			children = (
				9CAE3DC3292BC41F00DEC457 /* MyTeam.app */,
			);
			name = Products;
			sourceTree = "<group>";
		};
		9CAE3DC5292BC41F00DEC457 /* MyTeam */ = {
			isa = PBXGroup;
			children = (
				9CAE3DDB292BC7EF00DEC457 /* Sources */,
				9CAE3DDA292BC7E400DEC457 /* Resources */,
			);
			path = MyTeam;
			sourceTree = "<group>";
		};
		9CAE3DDA292BC7E400DEC457 /* Resources */ = {
			isa = PBXGroup;
			children = (
				9CAE3DD1292BC42000DEC457 /* LaunchScreen.storyboard */,
				9CAE3DD4292BC42000DEC457 /* Info.plist */,
				9CAE3DCF292BC42000DEC457 /* Assets.xcassets */,
			);
			path = Resources;
			sourceTree = "<group>";
		};
		9CAE3DDB292BC7EF00DEC457 /* Sources */ = {
			isa = PBXGroup;
			children = (
				9CAE3DF0292BD2A700DEC457 /* Modules */,
				9CAE3DE9292BD0A500DEC457 /* Supporting */,
				9CAE3DDC292BC9F000DEC457 /* DataModel */,
				9C776AD2292CD13000635095 /* App */,
			);
			path = Sources;
			sourceTree = "<group>";
		};
		9CAE3DDC292BC9F000DEC457 /* DataModel */ = {
			isa = PBXGroup;
			children = (
				9CAE3DE1292BCC0400DEC457 /* API */,
				9CAE3DDD292BCA0B00DEC457 /* EmployeeModel.swift */,
				9CAE3DDF292BCADA00DEC457 /* DepartmentModel.swift */,
			);
			path = DataModel;
			sourceTree = "<group>";
		};
		9CAE3DE1292BCC0400DEC457 /* API */ = {
			isa = PBXGroup;
			children = (
				9CAE3DE2292BCC1A00DEC457 /* APIProvider.swift */,
				9CAE3DE4292BCD9900DEC457 /* NetworkMonitor.swift */,
			);
			path = API;
			sourceTree = "<group>";
		};
		9CAE3DE9292BD0A500DEC457 /* Supporting */ = {
			isa = PBXGroup;
			children = (
				9CAE3DEA292BD0AE00DEC457 /* BaseView.swift */,
				9CAE3DEC292BD0EB00DEC457 /* BaseViewController.swift */,
				9CAE3DEE292BD14100DEC457 /* ImageResizer.swift */,
			);
			path = Supporting;
			sourceTree = "<group>";
		};
		9CAE3DF0292BD2A700DEC457 /* Modules */ = {
			isa = PBXGroup;
			children = (
				9C776ACC292CCFE700635095 /* ProfileScreen */,
				9CAE3DF1292BD2B100DEC457 /* MainScreen */,
			);
			path = Modules;
			sourceTree = "<group>";
		};
		9CAE3DF1292BD2B100DEC457 /* MainScreen */ = {
			isa = PBXGroup;
			children = (
				9CAE3DF3292BD2E100DEC457 /* Views */,
				9CAE3DF2292BD2DA00DEC457 /* Controllers */,
			);
			path = MainScreen;
			sourceTree = "<group>";
		};
		9CAE3DF2292BD2DA00DEC457 /* Controllers */ = {
			isa = PBXGroup;
			children = (
				9CAE3DCA292BC41F00DEC457 /* EmployeesViewController.swift */,
			);
			path = Controllers;
			sourceTree = "<group>";
		};
		9CAE3DF3292BD2E100DEC457 /* Views */ = {
			isa = PBXGroup;
			children = (
				9CAE3DF4292BD2EE00DEC457 /* SearchTextField.swift */,
				9C2227A3292BFECB00B7EABE /* NotFoundSearchView.swift */,
				9C2227A5292C005600B7EABE /* LostConnectionView.swift */,
				9C2227A7292C028200B7EABE /* EmployeeListRootView.swift */,
				9CAE3DF6292BD3D300DEC457 /* ViewCells */,
			);
			path = Views;
			sourceTree = "<group>";
		};
		9CAE3DF6292BD3D300DEC457 /* ViewCells */ = {
			isa = PBXGroup;
			children = (
				9CAE3DF7292BD3F200DEC457 /* TopTabsCollectionViewCell.swift */,
				9C2227A1292BFB3200B7EABE /* EmployeeTableViewCell.swift */,
			);
			path = ViewCells;
			sourceTree = "<group>";
		};
/* End PBXGroup section */

/* Begin PBXNativeTarget section */
		9CAE3DC2292BC41F00DEC457 /* MyTeam */ = {
			isa = PBXNativeTarget;
			buildConfigurationList = 9CAE3DD7292BC42000DEC457 /* Build configuration list for PBXNativeTarget "MyTeam" */;
			buildPhases = (
				9CAE3DBF292BC41F00DEC457 /* Sources */,
				9CAE3DC0292BC41F00DEC457 /* Frameworks */,
				9CAE3DC1292BC41F00DEC457 /* Resources */,
			);
			buildRules = (
			);
			dependencies = (
			);
			name = MyTeam;
			packageProductDependencies = (
				9CAE3DFA292BD47900DEC457 /* SnapKit */,
			);
			productName = MyTeam;
			productReference = 9CAE3DC3292BC41F00DEC457 /* MyTeam.app */;
			productType = "com.apple.product-type.application";
		};
/* End PBXNativeTarget section */

/* Begin PBXProject section */
		9CAE3DBB292BC41F00DEC457 /* Project object */ = {
			isa = PBXProject;
			attributes = {
				BuildIndependentTargetsInParallel = 1;
				LastSwiftUpdateCheck = 1330;
				LastUpgradeCheck = 1330;
				TargetAttributes = {
					9CAE3DC2292BC41F00DEC457 = {
						CreatedOnToolsVersion = 13.3.1;
					};
				};
			};
			buildConfigurationList = 9CAE3DBE292BC41F00DEC457 /* Build configuration list for PBXProject "MyTeam" */;
			compatibilityVersion = "Xcode 13.0";
			developmentRegion = en;
			hasScannedForEncodings = 0;
			knownRegions = (
				en,
				Base,
			);
			mainGroup = 9CAE3DBA292BC41F00DEC457;
			packageReferences = (
				9CAE3DF9292BD47900DEC457 /* XCRemoteSwiftPackageReference "SnapKit" */,
			);
			productRefGroup = 9CAE3DC4292BC41F00DEC457 /* Products */;
			projectDirPath = "";
			projectRoot = "";
			targets = (
				9CAE3DC2292BC41F00DEC457 /* MyTeam */,
			);
		};
/* End PBXProject section */

/* Begin PBXResourcesBuildPhase section */
		9CAE3DC1292BC41F00DEC457 /* Resources */ = {
			isa = PBXResourcesBuildPhase;
			buildActionMask = 2147483647;
			files = (
				9CAE3DD3292BC42000DEC457 /* LaunchScreen.storyboard in Resources */,
				9CAE3DD0292BC42000DEC457 /* Assets.xcassets in Resources */,
			);
			runOnlyForDeploymentPostprocessing = 0;
		};
/* End PBXResourcesBuildPhase section */

/* Begin PBXSourcesBuildPhase section */
		9CAE3DBF292BC41F00DEC457 /* Sources */ = {
			isa = PBXSourcesBuildPhase;
			buildActionMask = 2147483647;
			files = (
				9C2227A8292C028200B7EABE /* EmployeeListRootView.swift in Sources */,
				9CAE3DCB292BC41F00DEC457 /* EmployeesViewController.swift in Sources */,
				9C2227A4292BFECB00B7EABE /* NotFoundSearchView.swift in Sources */,
				9C776AD1292CD12100635095 /* BirthdayView.swift in Sources */,
				9CAE3DF5292BD2EE00DEC457 /* SearchTextField.swift in Sources */,
				9CAE3DC7292BC41F00DEC457 /* AppDelegate.swift in Sources */,
				9CAE3DEF292BD14100DEC457 /* ImageResizer.swift in Sources */,
				9C2227A6292C005600B7EABE /* LostConnectionView.swift in Sources */,
				9C776ACE292CCFF700635095 /* PhoneView.swift in Sources */,
				9CAE3DC9292BC41F00DEC457 /* SceneDelegate.swift in Sources */,
				9CAE3DE3292BCC1B00DEC457 /* APIProvider.swift in Sources */,
				9CAE3DF8292BD3F200DEC457 /* TopTabsCollectionViewCell.swift in Sources */,
				9CAE3DDE292BCA0B00DEC457 /* EmployeeModel.swift in Sources */,
				9CAE3DED292BD0EB00DEC457 /* BaseViewController.swift in Sources */,
				9CAE3DE0292BCADA00DEC457 /* DepartmentModel.swift in Sources */,
				9CAE3DE5292BCD9900DEC457 /* NetworkMonitor.swift in Sources */,
				9C2227A2292BFB3200B7EABE /* EmployeeTableViewCell.swift in Sources */,
				9CAE3DEB292BD0AE00DEC457 /* BaseView.swift in Sources */,
			);
			runOnlyForDeploymentPostprocessing = 0;
		};
/* End PBXSourcesBuildPhase section */

/* Begin PBXVariantGroup section */
		9CAE3DD1292BC42000DEC457 /* LaunchScreen.storyboard */ = {
			isa = PBXVariantGroup;
			children = (
				9CAE3DD2292BC42000DEC457 /* Base */,
			);
			name = LaunchScreen.storyboard;
			sourceTree = "<group>";
		};
/* End PBXVariantGroup section */

/* Begin XCBuildConfiguration section */
		9CAE3DD5292BC42000DEC457 /* Debug */ = {
			isa = XCBuildConfiguration;
			buildSettings = {
				ALWAYS_SEARCH_USER_PATHS = NO;
				CLANG_ANALYZER_NONNULL = YES;
				CLANG_ANALYZER_NUMBER_OBJECT_CONVERSION = YES_AGGRESSIVE;
				CLANG_CXX_LANGUAGE_STANDARD = "gnu++17";
				CLANG_ENABLE_MODULES = YES;
				CLANG_ENABLE_OBJC_ARC = YES;
				CLANG_ENABLE_OBJC_WEAK = YES;
				CLANG_WARN_BLOCK_CAPTURE_AUTORELEASING = YES;
				CLANG_WARN_BOOL_CONVERSION = YES;
				CLANG_WARN_COMMA = YES;
				CLANG_WARN_CONSTANT_CONVERSION = YES;
				CLANG_WARN_DEPRECATED_OBJC_IMPLEMENTATIONS = YES;
				CLANG_WARN_DIRECT_OBJC_ISA_USAGE = YES_ERROR;
				CLANG_WARN_DOCUMENTATION_COMMENTS = YES;
				CLANG_WARN_EMPTY_BODY = YES;
				CLANG_WARN_ENUM_CONVERSION = YES;
				CLANG_WARN_INFINITE_RECURSION = YES;
				CLANG_WARN_INT_CONVERSION = YES;
				CLANG_WARN_NON_LITERAL_NULL_CONVERSION = YES;
				CLANG_WARN_OBJC_IMPLICIT_RETAIN_SELF = YES;
				CLANG_WARN_OBJC_LITERAL_CONVERSION = YES;
				CLANG_WARN_OBJC_ROOT_CLASS = YES_ERROR;
				CLANG_WARN_QUOTED_INCLUDE_IN_FRAMEWORK_HEADER = YES;
				CLANG_WARN_RANGE_LOOP_ANALYSIS = YES;
				CLANG_WARN_STRICT_PROTOTYPES = YES;
				CLANG_WARN_SUSPICIOUS_MOVE = YES;
				CLANG_WARN_UNGUARDED_AVAILABILITY = YES_AGGRESSIVE;
				CLANG_WARN_UNREACHABLE_CODE = YES;
				CLANG_WARN__DUPLICATE_METHOD_MATCH = YES;
				COPY_PHASE_STRIP = NO;
				DEBUG_INFORMATION_FORMAT = dwarf;
				ENABLE_STRICT_OBJC_MSGSEND = YES;
				ENABLE_TESTABILITY = YES;
				GCC_C_LANGUAGE_STANDARD = gnu11;
				GCC_DYNAMIC_NO_PIC = NO;
				GCC_NO_COMMON_BLOCKS = YES;
				GCC_OPTIMIZATION_LEVEL = 0;
				GCC_PREPROCESSOR_DEFINITIONS = (
					"DEBUG=1",
					"$(inherited)",
				);
				GCC_WARN_64_TO_32_BIT_CONVERSION = YES;
				GCC_WARN_ABOUT_RETURN_TYPE = YES_ERROR;
				GCC_WARN_UNDECLARED_SELECTOR = YES;
				GCC_WARN_UNINITIALIZED_AUTOS = YES_AGGRESSIVE;
				GCC_WARN_UNUSED_FUNCTION = YES;
				GCC_WARN_UNUSED_VARIABLE = YES;
				IPHONEOS_DEPLOYMENT_TARGET = 15.4;
				MTL_ENABLE_DEBUG_INFO = INCLUDE_SOURCE;
				MTL_FAST_MATH = YES;
				ONLY_ACTIVE_ARCH = YES;
				SDKROOT = iphoneos;
				SWIFT_ACTIVE_COMPILATION_CONDITIONS = DEBUG;
				SWIFT_OPTIMIZATION_LEVEL = "-Onone";
			};
			name = Debug;
		};
		9CAE3DD6292BC42000DEC457 /* Release */ = {
			isa = XCBuildConfiguration;
			buildSettings = {
				ALWAYS_SEARCH_USER_PATHS = NO;
				CLANG_ANALYZER_NONNULL = YES;
				CLANG_ANALYZER_NUMBER_OBJECT_CONVERSION = YES_AGGRESSIVE;
				CLANG_CXX_LANGUAGE_STANDARD = "gnu++17";
				CLANG_ENABLE_MODULES = YES;
				CLANG_ENABLE_OBJC_ARC = YES;
				CLANG_ENABLE_OBJC_WEAK = YES;
				CLANG_WARN_BLOCK_CAPTURE_AUTORELEASING = YES;
				CLANG_WARN_BOOL_CONVERSION = YES;
				CLANG_WARN_COMMA = YES;
				CLANG_WARN_CONSTANT_CONVERSION = YES;
				CLANG_WARN_DEPRECATED_OBJC_IMPLEMENTATIONS = YES;
				CLANG_WARN_DIRECT_OBJC_ISA_USAGE = YES_ERROR;
				CLANG_WARN_DOCUMENTATION_COMMENTS = YES;
				CLANG_WARN_EMPTY_BODY = YES;
				CLANG_WARN_ENUM_CONVERSION = YES;
				CLANG_WARN_INFINITE_RECURSION = YES;
				CLANG_WARN_INT_CONVERSION = YES;
				CLANG_WARN_NON_LITERAL_NULL_CONVERSION = YES;
				CLANG_WARN_OBJC_IMPLICIT_RETAIN_SELF = YES;
				CLANG_WARN_OBJC_LITERAL_CONVERSION = YES;
				CLANG_WARN_OBJC_ROOT_CLASS = YES_ERROR;
				CLANG_WARN_QUOTED_INCLUDE_IN_FRAMEWORK_HEADER = YES;
				CLANG_WARN_RANGE_LOOP_ANALYSIS = YES;
				CLANG_WARN_STRICT_PROTOTYPES = YES;
				CLANG_WARN_SUSPICIOUS_MOVE = YES;
				CLANG_WARN_UNGUARDED_AVAILABILITY = YES_AGGRESSIVE;
				CLANG_WARN_UNREACHABLE_CODE = YES;
				CLANG_WARN__DUPLICATE_METHOD_MATCH = YES;
				COPY_PHASE_STRIP = NO;
				DEBUG_INFORMATION_FORMAT = "dwarf-with-dsym";
				ENABLE_NS_ASSERTIONS = NO;
				ENABLE_STRICT_OBJC_MSGSEND = YES;
				GCC_C_LANGUAGE_STANDARD = gnu11;
				GCC_NO_COMMON_BLOCKS = YES;
				GCC_WARN_64_TO_32_BIT_CONVERSION = YES;
				GCC_WARN_ABOUT_RETURN_TYPE = YES_ERROR;
				GCC_WARN_UNDECLARED_SELECTOR = YES;
				GCC_WARN_UNINITIALIZED_AUTOS = YES_AGGRESSIVE;
				GCC_WARN_UNUSED_FUNCTION = YES;
				GCC_WARN_UNUSED_VARIABLE = YES;
				IPHONEOS_DEPLOYMENT_TARGET = 15.4;
				MTL_ENABLE_DEBUG_INFO = NO;
				MTL_FAST_MATH = YES;
				SDKROOT = iphoneos;
				SWIFT_COMPILATION_MODE = wholemodule;
				SWIFT_OPTIMIZATION_LEVEL = "-O";
				VALIDATE_PRODUCT = YES;
			};
			name = Release;
		};
		9CAE3DD8292BC42000DEC457 /* Debug */ = {
			isa = XCBuildConfiguration;
			buildSettings = {
				ASSETCATALOG_COMPILER_APPICON_NAME = AppIcon;
				ASSETCATALOG_COMPILER_GLOBAL_ACCENT_COLOR_NAME = AccentColor;
				CODE_SIGN_STYLE = Automatic;
				CURRENT_PROJECT_VERSION = 1;
				DEVELOPMENT_TEAM = SWG4FB8T87;
				GENERATE_INFOPLIST_FILE = YES;
				INFOPLIST_FILE = MyTeam/Resources/Info.plist;
				INFOPLIST_KEY_UIApplicationSupportsIndirectInputEvents = YES;
				INFOPLIST_KEY_UILaunchStoryboardName = LaunchScreen;
				INFOPLIST_KEY_UISupportedInterfaceOrientations_iPad = "UIInterfaceOrientationPortrait UIInterfaceOrientationPortraitUpsideDown UIInterfaceOrientationLandscapeLeft UIInterfaceOrientationLandscapeRight";
				INFOPLIST_KEY_UISupportedInterfaceOrientations_iPhone = "UIInterfaceOrientationPortrait UIInterfaceOrientationLandscapeLeft UIInterfaceOrientationLandscapeRight";
				LD_RUNPATH_SEARCH_PATHS = (
					"$(inherited)",
					"@executable_path/Frameworks",
				);
				MARKETING_VERSION = 1.0;
				PRODUCT_BUNDLE_IDENTIFIER = "Artem-Golikov.MyTeam";
				PRODUCT_NAME = "$(TARGET_NAME)";
				SWIFT_EMIT_LOC_STRINGS = YES;
				SWIFT_VERSION = 5.0;
				TARGETED_DEVICE_FAMILY = "1,2";
			};
			name = Debug;
		};
		9CAE3DD9292BC42000DEC457 /* Release */ = {
			isa = XCBuildConfiguration;
			buildSettings = {
				ASSETCATALOG_COMPILER_APPICON_NAME = AppIcon;
				ASSETCATALOG_COMPILER_GLOBAL_ACCENT_COLOR_NAME = AccentColor;
				CODE_SIGN_STYLE = Automatic;
				CURRENT_PROJECT_VERSION = 1;
				DEVELOPMENT_TEAM = SWG4FB8T87;
				GENERATE_INFOPLIST_FILE = YES;
				INFOPLIST_FILE = MyTeam/Resources/Info.plist;
				INFOPLIST_KEY_UIApplicationSupportsIndirectInputEvents = YES;
				INFOPLIST_KEY_UILaunchStoryboardName = LaunchScreen;
				INFOPLIST_KEY_UISupportedInterfaceOrientations_iPad = "UIInterfaceOrientationPortrait UIInterfaceOrientationPortraitUpsideDown UIInterfaceOrientationLandscapeLeft UIInterfaceOrientationLandscapeRight";
				INFOPLIST_KEY_UISupportedInterfaceOrientations_iPhone = "UIInterfaceOrientationPortrait UIInterfaceOrientationLandscapeLeft UIInterfaceOrientationLandscapeRight";
				LD_RUNPATH_SEARCH_PATHS = (
					"$(inherited)",
					"@executable_path/Frameworks",
				);
				MARKETING_VERSION = 1.0;
				PRODUCT_BUNDLE_IDENTIFIER = "Artem-Golikov.MyTeam";
				PRODUCT_NAME = "$(TARGET_NAME)";
				SWIFT_EMIT_LOC_STRINGS = YES;
				SWIFT_VERSION = 5.0;
				TARGETED_DEVICE_FAMILY = "1,2";
			};
			name = Release;
		};
/* End XCBuildConfiguration section */

/* Begin XCConfigurationList section */
		9CAE3DBE292BC41F00DEC457 /* Build configuration list for PBXProject "MyTeam" */ = {
			isa = XCConfigurationList;
			buildConfigurations = (
				9CAE3DD5292BC42000DEC457 /* Debug */,
				9CAE3DD6292BC42000DEC457 /* Release */,
			);
			defaultConfigurationIsVisible = 0;
			defaultConfigurationName = Release;
		};
		9CAE3DD7292BC42000DEC457 /* Build configuration list for PBXNativeTarget "MyTeam" */ = {
			isa = XCConfigurationList;
			buildConfigurations = (
				9CAE3DD8292BC42000DEC457 /* Debug */,
				9CAE3DD9292BC42000DEC457 /* Release */,
			);
			defaultConfigurationIsVisible = 0;
			defaultConfigurationName = Release;
		};
/* End XCConfigurationList section */

/* Begin XCRemoteSwiftPackageReference section */
		9CAE3DF9292BD47900DEC457 /* XCRemoteSwiftPackageReference "SnapKit" */ = {
			isa = XCRemoteSwiftPackageReference;
			repositoryURL = "https://github.com/SnapKit/SnapKit.git";
			requirement = {
				branch = develop;
				kind = branch;
			};
		};
/* End XCRemoteSwiftPackageReference section */

/* Begin XCSwiftPackageProductDependency section */
		9CAE3DFA292BD47900DEC457 /* SnapKit */ = {
			isa = XCSwiftPackageProductDependency;
			package = 9CAE3DF9292BD47900DEC457 /* XCRemoteSwiftPackageReference "SnapKit" */;
			productName = SnapKit;
		};
/* End XCSwiftPackageProductDependency section */
	};
	rootObject = 9CAE3DBB292BC41F00DEC457 /* Project object */;
}
