// !$*UTF8*$!
{
	archiveVersion = 1;
	classes = {
	};
	objectVersion = 55;
	objects = {

/* Begin PBXBuildFile section */
		9C0F1D75292D1F94001A0B64 /* SortViewController.swift in Sources */ = {isa = PBXBuildFile; fileRef = 9C0F1D74292D1F94001A0B64 /* SortViewController.swift */; };
		9C0F1D77292D2476001A0B64 /* HeaderSectionView.swift in Sources */ = {isa = PBXBuildFile; fileRef = 9C0F1D76292D2476001A0B64 /* HeaderSectionView.swift */; };
		9C0F1D7E292D2E66001A0B64 /* UserModel.swift in Sources */ = {isa = PBXBuildFile; fileRef = 9C0F1D7D292D2E66001A0B64 /* UserModel.swift */; };
		9C0F1D80292D2E73001A0B64 /* ImageLoader.swift in Sources */ = {isa = PBXBuildFile; fileRef = 9C0F1D7F292D2E73001A0B64 /* ImageLoader.swift */; };
		9C0F1D83292D2ECA001A0B64 /* Department.swift in Sources */ = {isa = PBXBuildFile; fileRef = 9C0F1D82292D2ECA001A0B64 /* Department.swift */; };
		9C0F1D85292D2EE4001A0B64 /* User.swift in Sources */ = {isa = PBXBuildFile; fileRef = 9C0F1D84292D2EE4001A0B64 /* User.swift */; };
		9C0F1D8B292D2F3B001A0B64 /* SortModel.swift in Sources */ = {isa = PBXBuildFile; fileRef = 9C0F1D8A292D2F3B001A0B64 /* SortModel.swift */; };
		9C0F1D8D292D2F7B001A0B64 /* SortView.swift in Sources */ = {isa = PBXBuildFile; fileRef = 9C0F1D8C292D2F7B001A0B64 /* SortView.swift */; };
		9C0F1D8F292D2F83001A0B64 /* SortButton.swift in Sources */ = {isa = PBXBuildFile; fileRef = 9C0F1D8E292D2F83001A0B64 /* SortButton.swift */; };
		9C0F1D92292D2FA8001A0B64 /* MainModel.swift in Sources */ = {isa = PBXBuildFile; fileRef = 9C0F1D91292D2FA8001A0B64 /* MainModel.swift */; };
		9C0F1DA2292D320B001A0B64 /* Resources.swift in Sources */ = {isa = PBXBuildFile; fileRef = 9C0F1DA1292D320B001A0B64 /* Resources.swift */; };
		9C0F1DA4292D324E001A0B64 /* UIColor + Ext.swift in Sources */ = {isa = PBXBuildFile; fileRef = 9C0F1DA3292D324E001A0B64 /* UIColor + Ext.swift */; };
		9C0F1DA6292D34F4001A0B64 /* Int + Ext.swift in Sources */ = {isa = PBXBuildFile; fileRef = 9C0F1DA5292D34F4001A0B64 /* Int + Ext.swift */; };
		9C0F1DA8292D3618001A0B64 /* MainViewController.swift in Sources */ = {isa = PBXBuildFile; fileRef = 9C0F1DA7292D3618001A0B64 /* MainViewController.swift */; };
		9C0F1DAA292D3648001A0B64 /* MainRootView.swift in Sources */ = {isa = PBXBuildFile; fileRef = 9C0F1DA9292D3648001A0B64 /* MainRootView.swift */; };
		9C0F1DAC292D3683001A0B64 /* UIView + Ext.swift in Sources */ = {isa = PBXBuildFile; fileRef = 9C0F1DAB292D3683001A0B64 /* UIView + Ext.swift */; };
		9C0F1DB0292D37AF001A0B64 /* PresentNetworkError.swift in Sources */ = {isa = PBXBuildFile; fileRef = 9C0F1DAF292D37AF001A0B64 /* PresentNetworkError.swift */; };
		9C0F1DB2292D37E2001A0B64 /* NetworkErrorView.swift in Sources */ = {isa = PBXBuildFile; fileRef = 9C0F1DB1292D37E2001A0B64 /* NetworkErrorView.swift */; };
		9C0F1DB5292D3C37001A0B64 /* SearchErrorView.swift in Sources */ = {isa = PBXBuildFile; fileRef = 9C0F1DB4292D3C37001A0B64 /* SearchErrorView.swift */; };
		9C0F1DB8292D3C73001A0B64 /* InternalErrorView.swift in Sources */ = {isa = PBXBuildFile; fileRef = 9C0F1DB7292D3C73001A0B64 /* InternalErrorView.swift */; };
		9C0F1DBA292D3D3F001A0B64 /* GrayCircleView.swift in Sources */ = {isa = PBXBuildFile; fileRef = 9C0F1DB9292D3D3F001A0B64 /* GrayCircleView.swift */; };
		9C0F1DBC292D3D62001A0B64 /* SpinnerView.swift in Sources */ = {isa = PBXBuildFile; fileRef = 9C0F1DBB292D3D62001A0B64 /* SpinnerView.swift */; };
		9C0F1DBF292D3DCC001A0B64 /* TopTabsCollectionView.swift in Sources */ = {isa = PBXBuildFile; fileRef = 9C0F1DBE292D3DCC001A0B64 /* TopTabsCollectionView.swift */; };
		9C0F1DC1292D3E1C001A0B64 /* SearchBar.swift in Sources */ = {isa = PBXBuildFile; fileRef = 9C0F1DC0292D3E1C001A0B64 /* SearchBar.swift */; };
		9C0F1DC3292D3ED9001A0B64 /* UsersTableView.swift in Sources */ = {isa = PBXBuildFile; fileRef = 9C0F1DC2292D3ED9001A0B64 /* UsersTableView.swift */; };
		9C0F1DC5292D3FC3001A0B64 /* BottomSheetController.swift in Sources */ = {isa = PBXBuildFile; fileRef = 9C0F1DC4292D3FC3001A0B64 /* BottomSheetController.swift */; };
		9C0F1DC7292D3FFA001A0B64 /* BottomSheetTransitioningDelegate.swift in Sources */ = {isa = PBXBuildFile; fileRef = 9C0F1DC6292D3FFA001A0B64 /* BottomSheetTransitioningDelegate.swift */; };
		9C0F1DC9292D4013001A0B64 /* BottomSheetPresentationController.swift in Sources */ = {isa = PBXBuildFile; fileRef = 9C0F1DC8292D4013001A0B64 /* BottomSheetPresentationController.swift */; };
		9C0F1DCB292D4028001A0B64 /* BottomSheetInteractiveDismissalTransition.swift in Sources */ = {isa = PBXBuildFile; fileRef = 9C0F1DCA292D4028001A0B64 /* BottomSheetInteractiveDismissalTransition.swift */; };
		9C2227A2292BFB3200B7EABE /* EmployeeTableViewCell.swift in Sources */ = {isa = PBXBuildFile; fileRef = 9C2227A1292BFB3200B7EABE /* EmployeeTableViewCell.swift */; };
		9C8D6C72292E10080021F4D4 /* ProfileModel.swift in Sources */ = {isa = PBXBuildFile; fileRef = 9C8D6C71292E10080021F4D4 /* ProfileModel.swift */; };
		9C8D6C74292E10560021F4D4 /* PhoneView.swift in Sources */ = {isa = PBXBuildFile; fileRef = 9C8D6C73292E10560021F4D4 /* PhoneView.swift */; };
		9CAE3DC7292BC41F00DEC457 /* AppDelegate.swift in Sources */ = {isa = PBXBuildFile; fileRef = 9CAE3DC6292BC41F00DEC457 /* AppDelegate.swift */; };
		9CAE3DC9292BC41F00DEC457 /* SceneDelegate.swift in Sources */ = {isa = PBXBuildFile; fileRef = 9CAE3DC8292BC41F00DEC457 /* SceneDelegate.swift */; };
		9CAE3DD0292BC42000DEC457 /* Assets.xcassets in Resources */ = {isa = PBXBuildFile; fileRef = 9CAE3DCF292BC42000DEC457 /* Assets.xcassets */; };
		9CAE3DD3292BC42000DEC457 /* LaunchScreen.storyboard in Resources */ = {isa = PBXBuildFile; fileRef = 9CAE3DD1292BC42000DEC457 /* LaunchScreen.storyboard */; };
		9CAE3DE3292BCC1B00DEC457 /* APIProvider.swift in Sources */ = {isa = PBXBuildFile; fileRef = 9CAE3DE2292BCC1A00DEC457 /* APIProvider.swift */; };
		9CAE3DE5292BCD9900DEC457 /* NetworkMonitor.swift in Sources */ = {isa = PBXBuildFile; fileRef = 9CAE3DE4292BCD9900DEC457 /* NetworkMonitor.swift */; };
		9CAE3DEB292BD0AE00DEC457 /* BaseView.swift in Sources */ = {isa = PBXBuildFile; fileRef = 9CAE3DEA292BD0AE00DEC457 /* BaseView.swift */; };
		9CAE3DED292BD0EB00DEC457 /* BaseViewController.swift in Sources */ = {isa = PBXBuildFile; fileRef = 9CAE3DEC292BD0EB00DEC457 /* BaseViewController.swift */; };
		9CAE3DF8292BD3F200DEC457 /* TopTabsCollectionViewCell.swift in Sources */ = {isa = PBXBuildFile; fileRef = 9CAE3DF7292BD3F200DEC457 /* TopTabsCollectionViewCell.swift */; };
		9CAE3DFB292BD47900DEC457 /* SnapKit in Frameworks */ = {isa = PBXBuildFile; productRef = 9CAE3DFA292BD47900DEC457 /* SnapKit */; };
/* End PBXBuildFile section */

/* Begin PBXFileReference section */
		9C0F1D74292D1F94001A0B64 /* SortViewController.swift */ = {isa = PBXFileReference; lastKnownFileType = sourcecode.swift; path = SortViewController.swift; sourceTree = "<group>"; };
		9C0F1D76292D2476001A0B64 /* HeaderSectionView.swift */ = {isa = PBXFileReference; lastKnownFileType = sourcecode.swift; path = HeaderSectionView.swift; sourceTree = "<group>"; };
		9C0F1D7D292D2E66001A0B64 /* UserModel.swift */ = {isa = PBXFileReference; lastKnownFileType = sourcecode.swift; path = UserModel.swift; sourceTree = "<group>"; };
		9C0F1D7F292D2E73001A0B64 /* ImageLoader.swift */ = {isa = PBXFileReference; lastKnownFileType = sourcecode.swift; path = ImageLoader.swift; sourceTree = "<group>"; };
		9C0F1D82292D2ECA001A0B64 /* Department.swift */ = {isa = PBXFileReference; lastKnownFileType = sourcecode.swift; path = Department.swift; sourceTree = "<group>"; };
		9C0F1D84292D2EE4001A0B64 /* User.swift */ = {isa = PBXFileReference; lastKnownFileType = sourcecode.swift; path = User.swift; sourceTree = "<group>"; };
		9C0F1D8A292D2F3B001A0B64 /* SortModel.swift */ = {isa = PBXFileReference; lastKnownFileType = sourcecode.swift; path = SortModel.swift; sourceTree = "<group>"; };
		9C0F1D8C292D2F7B001A0B64 /* SortView.swift */ = {isa = PBXFileReference; lastKnownFileType = sourcecode.swift; path = SortView.swift; sourceTree = "<group>"; };
		9C0F1D8E292D2F83001A0B64 /* SortButton.swift */ = {isa = PBXFileReference; lastKnownFileType = sourcecode.swift; path = SortButton.swift; sourceTree = "<group>"; };
		9C0F1D91292D2FA8001A0B64 /* MainModel.swift */ = {isa = PBXFileReference; lastKnownFileType = sourcecode.swift; path = MainModel.swift; sourceTree = "<group>"; };
		9C0F1DA1292D320B001A0B64 /* Resources.swift */ = {isa = PBXFileReference; lastKnownFileType = sourcecode.swift; path = Resources.swift; sourceTree = "<group>"; };
		9C0F1DA3292D324E001A0B64 /* UIColor + Ext.swift */ = {isa = PBXFileReference; lastKnownFileType = sourcecode.swift; path = "UIColor + Ext.swift"; sourceTree = "<group>"; };
		9C0F1DA5292D34F4001A0B64 /* Int + Ext.swift */ = {isa = PBXFileReference; lastKnownFileType = sourcecode.swift; path = "Int + Ext.swift"; sourceTree = "<group>"; };
		9C0F1DA7292D3618001A0B64 /* MainViewController.swift */ = {isa = PBXFileReference; lastKnownFileType = sourcecode.swift; path = MainViewController.swift; sourceTree = "<group>"; };
		9C0F1DA9292D3648001A0B64 /* MainRootView.swift */ = {isa = PBXFileReference; lastKnownFileType = sourcecode.swift; path = MainRootView.swift; sourceTree = "<group>"; };
		9C0F1DAB292D3683001A0B64 /* UIView + Ext.swift */ = {isa = PBXFileReference; lastKnownFileType = sourcecode.swift; path = "UIView + Ext.swift"; sourceTree = "<group>"; };
		9C0F1DAF292D37AF001A0B64 /* PresentNetworkError.swift */ = {isa = PBXFileReference; lastKnownFileType = sourcecode.swift; path = PresentNetworkError.swift; sourceTree = "<group>"; };
		9C0F1DB1292D37E2001A0B64 /* NetworkErrorView.swift */ = {isa = PBXFileReference; lastKnownFileType = sourcecode.swift; path = NetworkErrorView.swift; sourceTree = "<group>"; };
		9C0F1DB4292D3C37001A0B64 /* SearchErrorView.swift */ = {isa = PBXFileReference; lastKnownFileType = sourcecode.swift; path = SearchErrorView.swift; sourceTree = "<group>"; };
		9C0F1DB7292D3C73001A0B64 /* InternalErrorView.swift */ = {isa = PBXFileReference; lastKnownFileType = sourcecode.swift; path = InternalErrorView.swift; sourceTree = "<group>"; };
		9C0F1DB9292D3D3F001A0B64 /* GrayCircleView.swift */ = {isa = PBXFileReference; lastKnownFileType = sourcecode.swift; path = GrayCircleView.swift; sourceTree = "<group>"; };
		9C0F1DBB292D3D62001A0B64 /* SpinnerView.swift */ = {isa = PBXFileReference; lastKnownFileType = sourcecode.swift; path = SpinnerView.swift; sourceTree = "<group>"; };
		9C0F1DBE292D3DCC001A0B64 /* TopTabsCollectionView.swift */ = {isa = PBXFileReference; lastKnownFileType = sourcecode.swift; path = TopTabsCollectionView.swift; sourceTree = "<group>"; };
		9C0F1DC0292D3E1C001A0B64 /* SearchBar.swift */ = {isa = PBXFileReference; lastKnownFileType = sourcecode.swift; path = SearchBar.swift; sourceTree = "<group>"; };
		9C0F1DC2292D3ED9001A0B64 /* UsersTableView.swift */ = {isa = PBXFileReference; lastKnownFileType = sourcecode.swift; path = UsersTableView.swift; sourceTree = "<group>"; };
		9C0F1DC4292D3FC3001A0B64 /* BottomSheetController.swift */ = {isa = PBXFileReference; lastKnownFileType = sourcecode.swift; path = BottomSheetController.swift; sourceTree = "<group>"; };
		9C0F1DC6292D3FFA001A0B64 /* BottomSheetTransitioningDelegate.swift */ = {isa = PBXFileReference; lastKnownFileType = sourcecode.swift; path = BottomSheetTransitioningDelegate.swift; sourceTree = "<group>"; };
		9C0F1DC8292D4013001A0B64 /* BottomSheetPresentationController.swift */ = {isa = PBXFileReference; lastKnownFileType = sourcecode.swift; path = BottomSheetPresentationController.swift; sourceTree = "<group>"; };
		9C0F1DCA292D4028001A0B64 /* BottomSheetInteractiveDismissalTransition.swift */ = {isa = PBXFileReference; lastKnownFileType = sourcecode.swift; path = BottomSheetInteractiveDismissalTransition.swift; sourceTree = "<group>"; };
		9C2227A1292BFB3200B7EABE /* EmployeeTableViewCell.swift */ = {isa = PBXFileReference; lastKnownFileType = sourcecode.swift; path = EmployeeTableViewCell.swift; sourceTree = "<group>"; };
		9C8D6C71292E10080021F4D4 /* ProfileModel.swift */ = {isa = PBXFileReference; lastKnownFileType = sourcecode.swift; path = ProfileModel.swift; sourceTree = "<group>"; };
		9C8D6C73292E10560021F4D4 /* PhoneView.swift */ = {isa = PBXFileReference; lastKnownFileType = sourcecode.swift; path = PhoneView.swift; sourceTree = "<group>"; };
		9CAE3DC3292BC41F00DEC457 /* MyTeam.app */ = {isa = PBXFileReference; explicitFileType = wrapper.application; includeInIndex = 0; path = MyTeam.app; sourceTree = BUILT_PRODUCTS_DIR; };
		9CAE3DC6292BC41F00DEC457 /* AppDelegate.swift */ = {isa = PBXFileReference; lastKnownFileType = sourcecode.swift; path = AppDelegate.swift; sourceTree = "<group>"; };
		9CAE3DC8292BC41F00DEC457 /* SceneDelegate.swift */ = {isa = PBXFileReference; lastKnownFileType = sourcecode.swift; path = SceneDelegate.swift; sourceTree = "<group>"; };
		9CAE3DCF292BC42000DEC457 /* Assets.xcassets */ = {isa = PBXFileReference; lastKnownFileType = folder.assetcatalog; path = Assets.xcassets; sourceTree = "<group>"; };
		9CAE3DD2292BC42000DEC457 /* Base */ = {isa = PBXFileReference; lastKnownFileType = file.storyboard; name = Base; path = Base.lproj/LaunchScreen.storyboard; sourceTree = "<group>"; };
		9CAE3DD4292BC42000DEC457 /* Info.plist */ = {isa = PBXFileReference; lastKnownFileType = text.plist.xml; path = Info.plist; sourceTree = "<group>"; };
		9CAE3DE2292BCC1A00DEC457 /* APIProvider.swift */ = {isa = PBXFileReference; lastKnownFileType = sourcecode.swift; path = APIProvider.swift; sourceTree = "<group>"; };
		9CAE3DE4292BCD9900DEC457 /* NetworkMonitor.swift */ = {isa = PBXFileReference; lastKnownFileType = sourcecode.swift; path = NetworkMonitor.swift; sourceTree = "<group>"; };
		9CAE3DEA292BD0AE00DEC457 /* BaseView.swift */ = {isa = PBXFileReference; lastKnownFileType = sourcecode.swift; path = BaseView.swift; sourceTree = "<group>"; };
		9CAE3DEC292BD0EB00DEC457 /* BaseViewController.swift */ = {isa = PBXFileReference; lastKnownFileType = sourcecode.swift; path = BaseViewController.swift; sourceTree = "<group>"; };
		9CAE3DF7292BD3F200DEC457 /* TopTabsCollectionViewCell.swift */ = {isa = PBXFileReference; lastKnownFileType = sourcecode.swift; path = TopTabsCollectionViewCell.swift; sourceTree = "<group>"; };
/* End PBXFileReference section */

/* Begin PBXFrameworksBuildPhase section */
		9CAE3DC0292BC41F00DEC457 /* Frameworks */ = {
			isa = PBXFrameworksBuildPhase;
			buildActionMask = 2147483647;
			files = (
				9CAE3DFB292BD47900DEC457 /* SnapKit in Frameworks */,
			);
			runOnlyForDeploymentPostprocessing = 0;
		};
/* End PBXFrameworksBuildPhase section */

/* Begin PBXGroup section */
		9C0F1D79292D2E45001A0B64 /* Services */ = {
			isa = PBXGroup;
			children = (
				9C0F1D7C292D2E56001A0B64 /* Networking */,
				9C0F1D7B292D2E4F001A0B64 /* DTO */,
				9C0F1D7A292D2E4C001A0B64 /* Core */,
			);
			path = Services;
			sourceTree = "<group>";
		};
		9C0F1D7A292D2E4C001A0B64 /* Core */ = {
			isa = PBXGroup;
			children = (
				9CAE3DE2292BCC1A00DEC457 /* APIProvider.swift */,
			);
			path = Core;
			sourceTree = "<group>";
		};
		9C0F1D7B292D2E4F001A0B64 /* DTO */ = {
			isa = PBXGroup;
			children = (
				9C0F1D82292D2ECA001A0B64 /* Department.swift */,
				9C0F1D84292D2EE4001A0B64 /* User.swift */,
			);
			path = DTO;
			sourceTree = "<group>";
		};
		9C0F1D7C292D2E56001A0B64 /* Networking */ = {
			isa = PBXGroup;
			children = (
				9C0F1D7D292D2E66001A0B64 /* UserModel.swift */,
				9C0F1D7F292D2E73001A0B64 /* ImageLoader.swift */,
				9CAE3DE4292BCD9900DEC457 /* NetworkMonitor.swift */,
			);
			path = Networking;
			sourceTree = "<group>";
		};
		9C0F1D86292D2F13001A0B64 /* SortScreen */ = {
			isa = PBXGroup;
			children = (
				9C0F1D89292D2F24001A0B64 /* Controller */,
				9C0F1D88292D2F21001A0B64 /* View */,
				9C0F1D87292D2F1E001A0B64 /* Model */,
			);
			path = SortScreen;
			sourceTree = "<group>";
		};
		9C0F1D87292D2F1E001A0B64 /* Model */ = {
			isa = PBXGroup;
			children = (
				9C0F1D8A292D2F3B001A0B64 /* SortModel.swift */,
			);
			path = Model;
			sourceTree = "<group>";
		};
		9C0F1D88292D2F21001A0B64 /* View */ = {
			isa = PBXGroup;
			children = (
				9C0F1D8C292D2F7B001A0B64 /* SortView.swift */,
				9C0F1D8E292D2F83001A0B64 /* SortButton.swift */,
			);
			path = View;
			sourceTree = "<group>";
		};
		9C0F1D89292D2F24001A0B64 /* Controller */ = {
			isa = PBXGroup;
			children = (
				9C0F1D74292D1F94001A0B64 /* SortViewController.swift */,
			);
			path = Controller;
			sourceTree = "<group>";
		};
		9C0F1D90292D2F9F001A0B64 /* Model */ = {
			isa = PBXGroup;
			children = (
				9C0F1D91292D2FA8001A0B64 /* MainModel.swift */,
			);
			path = Model;
			sourceTree = "<group>";
		};
		9C0F1D93292D2FEC001A0B64 /* Error */ = {
			isa = PBXGroup;
			children = (
				9C0F1DB1292D37E2001A0B64 /* NetworkErrorView.swift */,
				9C0F1DB4292D3C37001A0B64 /* SearchErrorView.swift */,
				9C0F1DB7292D3C73001A0B64 /* InternalErrorView.swift */,
			);
			path = Error;
			sourceTree = "<group>";
		};
		9C0F1D94292D2FF3001A0B64 /* RefreshControl */ = {
			isa = PBXGroup;
			children = (
				9C0F1DB9292D3D3F001A0B64 /* GrayCircleView.swift */,
				9C0F1DBB292D3D62001A0B64 /* SpinnerView.swift */,
			);
			path = RefreshControl;
			sourceTree = "<group>";
		};
		9C0F1D95292D2FFA001A0B64 /* Cell */ = {
			isa = PBXGroup;
			children = (
				9C2227A1292BFB3200B7EABE /* EmployeeTableViewCell.swift */,
				9CAE3DF7292BD3F200DEC457 /* TopTabsCollectionViewCell.swift */,
			);
			path = Cell;
			sourceTree = "<group>";
		};
		9C0F1D9B292D3099001A0B64 /* BottomSheet */ = {
			isa = PBXGroup;
			children = (
				9C0F1DC4292D3FC3001A0B64 /* BottomSheetController.swift */,
				9C0F1DC6292D3FFA001A0B64 /* BottomSheetTransitioningDelegate.swift */,
				9C0F1DC8292D4013001A0B64 /* BottomSheetPresentationController.swift */,
				9C0F1DCA292D4028001A0B64 /* BottomSheetInteractiveDismissalTransition.swift */,
			);
			path = BottomSheet;
			sourceTree = "<group>";
		};
		9C0F1D9C292D30A1001A0B64 /* Extension */ = {
			isa = PBXGroup;
			children = (
				9C0F1DA0292D31D2001A0B64 /* Foundation */,
				9C0F1D9F292D31CF001A0B64 /* UIKit */,
			);
			path = Extension;
			sourceTree = "<group>";
		};
		9C0F1D9D292D30A7001A0B64 /* Application */ = {
			isa = PBXGroup;
			children = (
				9CAE3DC8292BC41F00DEC457 /* SceneDelegate.swift */,
				9CAE3DC6292BC41F00DEC457 /* AppDelegate.swift */,
			);
			path = Application;
			sourceTree = "<group>";
		};
		9C0F1D9E292D30AD001A0B64 /* Base */ = {
			isa = PBXGroup;
			children = (
				9CAE3DEA292BD0AE00DEC457 /* BaseView.swift */,
				9CAE3DEC292BD0EB00DEC457 /* BaseViewController.swift */,
			);
			path = Base;
			sourceTree = "<group>";
		};
		9C0F1D9F292D31CF001A0B64 /* UIKit */ = {
			isa = PBXGroup;
			children = (
				9C0F1DA3292D324E001A0B64 /* UIColor + Ext.swift */,
				9C0F1DAB292D3683001A0B64 /* UIView + Ext.swift */,
			);
			path = UIKit;
			sourceTree = "<group>";
		};
		9C0F1DA0292D31D2001A0B64 /* Foundation */ = {
			isa = PBXGroup;
			children = (
				9C0F1DA5292D34F4001A0B64 /* Int + Ext.swift */,
			);
			path = Foundation;
			sourceTree = "<group>";
		};
		9C8D6C6D292E0FEE0021F4D4 /* ProfileScreen */ = {
			isa = PBXGroup;
			children = (
				9C8D6C70292E0FFA0021F4D4 /* Controller */,
				9C8D6C6F292E0FF60021F4D4 /* View */,
				9C8D6C6E292E0FF40021F4D4 /* Model */,
			);
			path = ProfileScreen;
			sourceTree = "<group>";
		};
		9C8D6C6E292E0FF40021F4D4 /* Model */ = {
			isa = PBXGroup;
			children = (
				9C8D6C71292E10080021F4D4 /* ProfileModel.swift */,
			);
			path = Model;
			sourceTree = "<group>";
		};
		9C8D6C6F292E0FF60021F4D4 /* View */ = {
			isa = PBXGroup;
			children = (
				9C8D6C73292E10560021F4D4 /* PhoneView.swift */,
			);
			path = View;
			sourceTree = "<group>";
		};
		9C8D6C70292E0FFA0021F4D4 /* Controller */ = {
			isa = PBXGroup;
			children = (
			);
			path = Controller;
			sourceTree = "<group>";
		};
		9CAE3DBA292BC41F00DEC457 = {
			isa = PBXGroup;
			children = (
				9CAE3DC5292BC41F00DEC457 /* MyTeam */,
				9CAE3DC4292BC41F00DEC457 /* Products */,
			);
			sourceTree = "<group>";
		};
		9CAE3DC4292BC41F00DEC457 /* Products */ = {
			isa = PBXGroup;
			children = (
				9CAE3DC3292BC41F00DEC457 /* MyTeam.app */,
			);
			name = Products;
			sourceTree = "<group>";
		};
		9CAE3DC5292BC41F00DEC457 /* MyTeam */ = {
			isa = PBXGroup;
			children = (
				9CAE3DDB292BC7EF00DEC457 /* Sources */,
				9CAE3DDA292BC7E400DEC457 /* Resources */,
			);
			path = MyTeam;
			sourceTree = "<group>";
		};
		9CAE3DDA292BC7E400DEC457 /* Resources */ = {
			isa = PBXGroup;
			children = (
				9C0F1DA1292D320B001A0B64 /* Resources.swift */,
				9CAE3DD1292BC42000DEC457 /* LaunchScreen.storyboard */,
				9CAE3DD4292BC42000DEC457 /* Info.plist */,
				9CAE3DCF292BC42000DEC457 /* Assets.xcassets */,
			);
			path = Resources;
			sourceTree = "<group>";
		};
		9CAE3DDB292BC7EF00DEC457 /* Sources */ = {
			isa = PBXGroup;
			children = (
				9C0F1D79292D2E45001A0B64 /* Services */,
				9CAE3DF0292BD2A700DEC457 /* Module */,
				9CAE3DE9292BD0A500DEC457 /* Supporting */,
			);
			path = Sources;
			sourceTree = "<group>";
		};
		9CAE3DE9292BD0A500DEC457 /* Supporting */ = {
			isa = PBXGroup;
			children = (
				9C0F1D9E292D30AD001A0B64 /* Base */,
				9C0F1D9D292D30A7001A0B64 /* Application */,
				9C0F1D9C292D30A1001A0B64 /* Extension */,
				9C0F1D9B292D3099001A0B64 /* BottomSheet */,
			);
			path = Supporting;
			sourceTree = "<group>";
		};
		9CAE3DF0292BD2A700DEC457 /* Module */ = {
			isa = PBXGroup;
			children = (
				9C8D6C6D292E0FEE0021F4D4 /* ProfileScreen */,
				9CAE3DF1292BD2B100DEC457 /* MainScreen */,
				9C0F1D86292D2F13001A0B64 /* SortScreen */,
			);
			path = Module;
			sourceTree = "<group>";
		};
		9CAE3DF1292BD2B100DEC457 /* MainScreen */ = {
			isa = PBXGroup;
			children = (
				9C0F1D90292D2F9F001A0B64 /* Model */,
				9CAE3DF3292BD2E100DEC457 /* Views */,
				9CAE3DF2292BD2DA00DEC457 /* Controllers */,
			);
			path = MainScreen;
			sourceTree = "<group>";
		};
		9CAE3DF2292BD2DA00DEC457 /* Controllers */ = {
			isa = PBXGroup;
			children = (
				9C0F1DA7292D3618001A0B64 /* MainViewController.swift */,
				9C0F1DAF292D37AF001A0B64 /* PresentNetworkError.swift */,
			);
			path = Controllers;
			sourceTree = "<group>";
		};
		9CAE3DF3292BD2E100DEC457 /* Views */ = {
			isa = PBXGroup;
			children = (
				9C0F1D95292D2FFA001A0B64 /* Cell */,
				9C0F1D94292D2FF3001A0B64 /* RefreshControl */,
				9C0F1D93292D2FEC001A0B64 /* Error */,
				9C0F1DA9292D3648001A0B64 /* MainRootView.swift */,
				9C0F1DC2292D3ED9001A0B64 /* UsersTableView.swift */,
				9C0F1DC0292D3E1C001A0B64 /* SearchBar.swift */,
				9C0F1DBE292D3DCC001A0B64 /* TopTabsCollectionView.swift */,
				9C0F1D76292D2476001A0B64 /* HeaderSectionView.swift */,
			);
			path = Views;
			sourceTree = "<group>";
		};
/* End PBXGroup section */

/* Begin PBXNativeTarget section */
		9CAE3DC2292BC41F00DEC457 /* MyTeam */ = {
			isa = PBXNativeTarget;
			buildConfigurationList = 9CAE3DD7292BC42000DEC457 /* Build configuration list for PBXNativeTarget "MyTeam" */;
			buildPhases = (
				9CAE3DBF292BC41F00DEC457 /* Sources */,
				9CAE3DC0292BC41F00DEC457 /* Frameworks */,
				9CAE3DC1292BC41F00DEC457 /* Resources */,
			);
			buildRules = (
			);
			dependencies = (
			);
			name = MyTeam;
			packageProductDependencies = (
				9CAE3DFA292BD47900DEC457 /* SnapKit */,
			);
			productName = MyTeam;
			productReference = 9CAE3DC3292BC41F00DEC457 /* MyTeam.app */;
			productType = "com.apple.product-type.application";
		};
/* End PBXNativeTarget section */

/* Begin PBXProject section */
		9CAE3DBB292BC41F00DEC457 /* Project object */ = {
			isa = PBXProject;
			attributes = {
				BuildIndependentTargetsInParallel = 1;
				LastSwiftUpdateCheck = 1330;
				LastUpgradeCheck = 1330;
				TargetAttributes = {
					9CAE3DC2292BC41F00DEC457 = {
						CreatedOnToolsVersion = 13.3.1;
					};
				};
			};
			buildConfigurationList = 9CAE3DBE292BC41F00DEC457 /* Build configuration list for PBXProject "MyTeam" */;
			compatibilityVersion = "Xcode 13.0";
			developmentRegion = en;
			hasScannedForEncodings = 0;
			knownRegions = (
				en,
				Base,
			);
			mainGroup = 9CAE3DBA292BC41F00DEC457;
			packageReferences = (
				9CAE3DF9292BD47900DEC457 /* XCRemoteSwiftPackageReference "SnapKit" */,
			);
			productRefGroup = 9CAE3DC4292BC41F00DEC457 /* Products */;
			projectDirPath = "";
			projectRoot = "";
			targets = (
				9CAE3DC2292BC41F00DEC457 /* MyTeam */,
			);
		};
/* End PBXProject section */

/* Begin PBXResourcesBuildPhase section */
		9CAE3DC1292BC41F00DEC457 /* Resources */ = {
			isa = PBXResourcesBuildPhase;
			buildActionMask = 2147483647;
			files = (
				9CAE3DD3292BC42000DEC457 /* LaunchScreen.storyboard in Resources */,
				9CAE3DD0292BC42000DEC457 /* Assets.xcassets in Resources */,
			);
			runOnlyForDeploymentPostprocessing = 0;
		};
/* End PBXResourcesBuildPhase section */

/* Begin PBXSourcesBuildPhase section */
		9CAE3DBF292BC41F00DEC457 /* Sources */ = {
			isa = PBXSourcesBuildPhase;
			buildActionMask = 2147483647;
			files = (
				9C0F1D8D292D2F7B001A0B64 /* SortView.swift in Sources */,
				9C0F1D85292D2EE4001A0B64 /* User.swift in Sources */,
				9C0F1DC7292D3FFA001A0B64 /* BottomSheetTransitioningDelegate.swift in Sources */,
				9C0F1DA2292D320B001A0B64 /* Resources.swift in Sources */,
				9C0F1DBC292D3D62001A0B64 /* SpinnerView.swift in Sources */,
				9C0F1D83292D2ECA001A0B64 /* Department.swift in Sources */,
				9C0F1D92292D2FA8001A0B64 /* MainModel.swift in Sources */,
				9C8D6C74292E10560021F4D4 /* PhoneView.swift in Sources */,
				9CAE3DC7292BC41F00DEC457 /* AppDelegate.swift in Sources */,
				9C0F1DC9292D4013001A0B64 /* BottomSheetPresentationController.swift in Sources */,
				9C0F1DB8292D3C73001A0B64 /* InternalErrorView.swift in Sources */,
				9C0F1DB5292D3C37001A0B64 /* SearchErrorView.swift in Sources */,
				9C0F1DA8292D3618001A0B64 /* MainViewController.swift in Sources */,
				9C0F1DBA292D3D3F001A0B64 /* GrayCircleView.swift in Sources */,
				9C0F1DB0292D37AF001A0B64 /* PresentNetworkError.swift in Sources */,
				9C0F1D7E292D2E66001A0B64 /* UserModel.swift in Sources */,
				9CAE3DC9292BC41F00DEC457 /* SceneDelegate.swift in Sources */,
				9C0F1DC5292D3FC3001A0B64 /* BottomSheetController.swift in Sources */,
				9CAE3DE3292BCC1B00DEC457 /* APIProvider.swift in Sources */,
				9C0F1DC3292D3ED9001A0B64 /* UsersTableView.swift in Sources */,
				9C0F1DA6292D34F4001A0B64 /* Int + Ext.swift in Sources */,
				9C0F1D8B292D2F3B001A0B64 /* SortModel.swift in Sources */,
				9C0F1D75292D1F94001A0B64 /* SortViewController.swift in Sources */,
				9C0F1DAA292D3648001A0B64 /* MainRootView.swift in Sources */,
				9C8D6C72292E10080021F4D4 /* ProfileModel.swift in Sources */,
				9C0F1DBF292D3DCC001A0B64 /* TopTabsCollectionView.swift in Sources */,
				9CAE3DF8292BD3F200DEC457 /* TopTabsCollectionViewCell.swift in Sources */,
				9C0F1D80292D2E73001A0B64 /* ImageLoader.swift in Sources */,
				9CAE3DED292BD0EB00DEC457 /* BaseViewController.swift in Sources */,
				9C0F1D8F292D2F83001A0B64 /* SortButton.swift in Sources */,
				9C0F1DCB292D4028001A0B64 /* BottomSheetInteractiveDismissalTransition.swift in Sources */,
				9CAE3DE5292BCD9900DEC457 /* NetworkMonitor.swift in Sources */,
				9C0F1DAC292D3683001A0B64 /* UIView + Ext.swift in Sources */,
				9C2227A2292BFB3200B7EABE /* EmployeeTableViewCell.swift in Sources */,
				9CAE3DEB292BD0AE00DEC457 /* BaseView.swift in Sources */,
				9C0F1DA4292D324E001A0B64 /* UIColor + Ext.swift in Sources */,
				9C0F1DC1292D3E1C001A0B64 /* SearchBar.swift in Sources */,
				9C0F1DB2292D37E2001A0B64 /* NetworkErrorView.swift in Sources */,
				9C0F1D77292D2476001A0B64 /* HeaderSectionView.swift in Sources */,
			);
			runOnlyForDeploymentPostprocessing = 0;
		};
/* End PBXSourcesBuildPhase section */

/* Begin PBXVariantGroup section */
		9CAE3DD1292BC42000DEC457 /* LaunchScreen.storyboard */ = {
			isa = PBXVariantGroup;
			children = (
				9CAE3DD2292BC42000DEC457 /* Base */,
			);
			name = LaunchScreen.storyboard;
			sourceTree = "<group>";
		};
/* End PBXVariantGroup section */

/* Begin XCBuildConfiguration section */
		9CAE3DD5292BC42000DEC457 /* Debug */ = {
			isa = XCBuildConfiguration;
			buildSettings = {
				ALWAYS_SEARCH_USER_PATHS = NO;
				CLANG_ANALYZER_NONNULL = YES;
				CLANG_ANALYZER_NUMBER_OBJECT_CONVERSION = YES_AGGRESSIVE;
				CLANG_CXX_LANGUAGE_STANDARD = "gnu++17";
				CLANG_ENABLE_MODULES = YES;
				CLANG_ENABLE_OBJC_ARC = YES;
				CLANG_ENABLE_OBJC_WEAK = YES;
				CLANG_WARN_BLOCK_CAPTURE_AUTORELEASING = YES;
				CLANG_WARN_BOOL_CONVERSION = YES;
				CLANG_WARN_COMMA = YES;
				CLANG_WARN_CONSTANT_CONVERSION = YES;
				CLANG_WARN_DEPRECATED_OBJC_IMPLEMENTATIONS = YES;
				CLANG_WARN_DIRECT_OBJC_ISA_USAGE = YES_ERROR;
				CLANG_WARN_DOCUMENTATION_COMMENTS = YES;
				CLANG_WARN_EMPTY_BODY = YES;
				CLANG_WARN_ENUM_CONVERSION = YES;
				CLANG_WARN_INFINITE_RECURSION = YES;
				CLANG_WARN_INT_CONVERSION = YES;
				CLANG_WARN_NON_LITERAL_NULL_CONVERSION = YES;
				CLANG_WARN_OBJC_IMPLICIT_RETAIN_SELF = YES;
				CLANG_WARN_OBJC_LITERAL_CONVERSION = YES;
				CLANG_WARN_OBJC_ROOT_CLASS = YES_ERROR;
				CLANG_WARN_QUOTED_INCLUDE_IN_FRAMEWORK_HEADER = YES;
				CLANG_WARN_RANGE_LOOP_ANALYSIS = YES;
				CLANG_WARN_STRICT_PROTOTYPES = YES;
				CLANG_WARN_SUSPICIOUS_MOVE = YES;
				CLANG_WARN_UNGUARDED_AVAILABILITY = YES_AGGRESSIVE;
				CLANG_WARN_UNREACHABLE_CODE = YES;
				CLANG_WARN__DUPLICATE_METHOD_MATCH = YES;
				COPY_PHASE_STRIP = NO;
				DEBUG_INFORMATION_FORMAT = dwarf;
				ENABLE_STRICT_OBJC_MSGSEND = YES;
				ENABLE_TESTABILITY = YES;
				GCC_C_LANGUAGE_STANDARD = gnu11;
				GCC_DYNAMIC_NO_PIC = NO;
				GCC_NO_COMMON_BLOCKS = YES;
				GCC_OPTIMIZATION_LEVEL = 0;
				GCC_PREPROCESSOR_DEFINITIONS = (
					"DEBUG=1",
					"$(inherited)",
				);
				GCC_WARN_64_TO_32_BIT_CONVERSION = YES;
				GCC_WARN_ABOUT_RETURN_TYPE = YES_ERROR;
				GCC_WARN_UNDECLARED_SELECTOR = YES;
				GCC_WARN_UNINITIALIZED_AUTOS = YES_AGGRESSIVE;
				GCC_WARN_UNUSED_FUNCTION = YES;
				GCC_WARN_UNUSED_VARIABLE = YES;
				IPHONEOS_DEPLOYMENT_TARGET = 15.4;
				MTL_ENABLE_DEBUG_INFO = INCLUDE_SOURCE;
				MTL_FAST_MATH = YES;
				ONLY_ACTIVE_ARCH = YES;
				SDKROOT = iphoneos;
				SWIFT_ACTIVE_COMPILATION_CONDITIONS = DEBUG;
				SWIFT_OPTIMIZATION_LEVEL = "-Onone";
			};
			name = Debug;
		};
		9CAE3DD6292BC42000DEC457 /* Release */ = {
			isa = XCBuildConfiguration;
			buildSettings = {
				ALWAYS_SEARCH_USER_PATHS = NO;
				CLANG_ANALYZER_NONNULL = YES;
				CLANG_ANALYZER_NUMBER_OBJECT_CONVERSION = YES_AGGRESSIVE;
				CLANG_CXX_LANGUAGE_STANDARD = "gnu++17";
				CLANG_ENABLE_MODULES = YES;
				CLANG_ENABLE_OBJC_ARC = YES;
				CLANG_ENABLE_OBJC_WEAK = YES;
				CLANG_WARN_BLOCK_CAPTURE_AUTORELEASING = YES;
				CLANG_WARN_BOOL_CONVERSION = YES;
				CLANG_WARN_COMMA = YES;
				CLANG_WARN_CONSTANT_CONVERSION = YES;
				CLANG_WARN_DEPRECATED_OBJC_IMPLEMENTATIONS = YES;
				CLANG_WARN_DIRECT_OBJC_ISA_USAGE = YES_ERROR;
				CLANG_WARN_DOCUMENTATION_COMMENTS = YES;
				CLANG_WARN_EMPTY_BODY = YES;
				CLANG_WARN_ENUM_CONVERSION = YES;
				CLANG_WARN_INFINITE_RECURSION = YES;
				CLANG_WARN_INT_CONVERSION = YES;
				CLANG_WARN_NON_LITERAL_NULL_CONVERSION = YES;
				CLANG_WARN_OBJC_IMPLICIT_RETAIN_SELF = YES;
				CLANG_WARN_OBJC_LITERAL_CONVERSION = YES;
				CLANG_WARN_OBJC_ROOT_CLASS = YES_ERROR;
				CLANG_WARN_QUOTED_INCLUDE_IN_FRAMEWORK_HEADER = YES;
				CLANG_WARN_RANGE_LOOP_ANALYSIS = YES;
				CLANG_WARN_STRICT_PROTOTYPES = YES;
				CLANG_WARN_SUSPICIOUS_MOVE = YES;
				CLANG_WARN_UNGUARDED_AVAILABILITY = YES_AGGRESSIVE;
				CLANG_WARN_UNREACHABLE_CODE = YES;
				CLANG_WARN__DUPLICATE_METHOD_MATCH = YES;
				COPY_PHASE_STRIP = NO;
				DEBUG_INFORMATION_FORMAT = "dwarf-with-dsym";
				ENABLE_NS_ASSERTIONS = NO;
				ENABLE_STRICT_OBJC_MSGSEND = YES;
				GCC_C_LANGUAGE_STANDARD = gnu11;
				GCC_NO_COMMON_BLOCKS = YES;
				GCC_WARN_64_TO_32_BIT_CONVERSION = YES;
				GCC_WARN_ABOUT_RETURN_TYPE = YES_ERROR;
				GCC_WARN_UNDECLARED_SELECTOR = YES;
				GCC_WARN_UNINITIALIZED_AUTOS = YES_AGGRESSIVE;
				GCC_WARN_UNUSED_FUNCTION = YES;
				GCC_WARN_UNUSED_VARIABLE = YES;
				IPHONEOS_DEPLOYMENT_TARGET = 15.4;
				MTL_ENABLE_DEBUG_INFO = NO;
				MTL_FAST_MATH = YES;
				SDKROOT = iphoneos;
				SWIFT_COMPILATION_MODE = wholemodule;
				SWIFT_OPTIMIZATION_LEVEL = "-O";
				VALIDATE_PRODUCT = YES;
			};
			name = Release;
		};
		9CAE3DD8292BC42000DEC457 /* Debug */ = {
			isa = XCBuildConfiguration;
			buildSettings = {
				ASSETCATALOG_COMPILER_APPICON_NAME = AppIcon;
				ASSETCATALOG_COMPILER_GLOBAL_ACCENT_COLOR_NAME = AccentColor;
				CODE_SIGN_STYLE = Automatic;
				CURRENT_PROJECT_VERSION = 1;
				DEVELOPMENT_TEAM = SWG4FB8T87;
				GENERATE_INFOPLIST_FILE = YES;
				INFOPLIST_FILE = MyTeam/Resources/Info.plist;
				INFOPLIST_KEY_UIApplicationSupportsIndirectInputEvents = YES;
				INFOPLIST_KEY_UILaunchStoryboardName = LaunchScreen;
				INFOPLIST_KEY_UISupportedInterfaceOrientations_iPad = "UIInterfaceOrientationPortrait UIInterfaceOrientationPortraitUpsideDown UIInterfaceOrientationLandscapeLeft UIInterfaceOrientationLandscapeRight";
				INFOPLIST_KEY_UISupportedInterfaceOrientations_iPhone = "UIInterfaceOrientationPortrait UIInterfaceOrientationLandscapeLeft UIInterfaceOrientationLandscapeRight";
				LD_RUNPATH_SEARCH_PATHS = (
					"$(inherited)",
					"@executable_path/Frameworks",
				);
				MARKETING_VERSION = 1.0;
				PRODUCT_BUNDLE_IDENTIFIER = "Artem-Golikov.MyTeam";
				PRODUCT_NAME = "$(TARGET_NAME)";
				SWIFT_EMIT_LOC_STRINGS = YES;
				SWIFT_VERSION = 5.0;
				TARGETED_DEVICE_FAMILY = "1,2";
			};
			name = Debug;
		};
		9CAE3DD9292BC42000DEC457 /* Release */ = {
			isa = XCBuildConfiguration;
			buildSettings = {
				ASSETCATALOG_COMPILER_APPICON_NAME = AppIcon;
				ASSETCATALOG_COMPILER_GLOBAL_ACCENT_COLOR_NAME = AccentColor;
				CODE_SIGN_STYLE = Automatic;
				CURRENT_PROJECT_VERSION = 1;
				DEVELOPMENT_TEAM = SWG4FB8T87;
				GENERATE_INFOPLIST_FILE = YES;
				INFOPLIST_FILE = MyTeam/Resources/Info.plist;
				INFOPLIST_KEY_UIApplicationSupportsIndirectInputEvents = YES;
				INFOPLIST_KEY_UILaunchStoryboardName = LaunchScreen;
				INFOPLIST_KEY_UISupportedInterfaceOrientations_iPad = "UIInterfaceOrientationPortrait UIInterfaceOrientationPortraitUpsideDown UIInterfaceOrientationLandscapeLeft UIInterfaceOrientationLandscapeRight";
				INFOPLIST_KEY_UISupportedInterfaceOrientations_iPhone = "UIInterfaceOrientationPortrait UIInterfaceOrientationLandscapeLeft UIInterfaceOrientationLandscapeRight";
				LD_RUNPATH_SEARCH_PATHS = (
					"$(inherited)",
					"@executable_path/Frameworks",
				);
				MARKETING_VERSION = 1.0;
				PRODUCT_BUNDLE_IDENTIFIER = "Artem-Golikov.MyTeam";
				PRODUCT_NAME = "$(TARGET_NAME)";
				SWIFT_EMIT_LOC_STRINGS = YES;
				SWIFT_VERSION = 5.0;
				TARGETED_DEVICE_FAMILY = "1,2";
			};
			name = Release;
		};
/* End XCBuildConfiguration section */

/* Begin XCConfigurationList section */
		9CAE3DBE292BC41F00DEC457 /* Build configuration list for PBXProject "MyTeam" */ = {
			isa = XCConfigurationList;
			buildConfigurations = (
				9CAE3DD5292BC42000DEC457 /* Debug */,
				9CAE3DD6292BC42000DEC457 /* Release */,
			);
			defaultConfigurationIsVisible = 0;
			defaultConfigurationName = Release;
		};
		9CAE3DD7292BC42000DEC457 /* Build configuration list for PBXNativeTarget "MyTeam" */ = {
			isa = XCConfigurationList;
			buildConfigurations = (
				9CAE3DD8292BC42000DEC457 /* Debug */,
				9CAE3DD9292BC42000DEC457 /* Release */,
			);
			defaultConfigurationIsVisible = 0;
			defaultConfigurationName = Release;
		};
/* End XCConfigurationList section */

/* Begin XCRemoteSwiftPackageReference section */
		9CAE3DF9292BD47900DEC457 /* XCRemoteSwiftPackageReference "SnapKit" */ = {
			isa = XCRemoteSwiftPackageReference;
			repositoryURL = "https://github.com/SnapKit/SnapKit.git";
			requirement = {
				branch = develop;
				kind = branch;
			};
		};
/* End XCRemoteSwiftPackageReference section */

/* Begin XCSwiftPackageProductDependency section */
		9CAE3DFA292BD47900DEC457 /* SnapKit */ = {
			isa = XCSwiftPackageProductDependency;
			package = 9CAE3DF9292BD47900DEC457 /* XCRemoteSwiftPackageReference "SnapKit" */;
			productName = SnapKit;
		};
/* End XCSwiftPackageProductDependency section */
	};
	rootObject = 9CAE3DBB292BC41F00DEC457 /* Project object */;
}
